lockVersion: 2.0.0
id: 2f8b2839-3001-46b4-b5e0-cec0aad583ed
management:
  docChecksum: 2401c7030f847f72ab31c8f75de58a66
  docVersion: 0.2.0
  speakeasyVersion: 1.227.0
  generationVersion: 2.291.0
  releaseVersion: 0.2.0
  configChecksum: 2fce45d9eefa8e7b53cd79bf5a29ad70
  repoURL: https://github.com/StyraInc/opa-typescript.git
  installationURL: https://github.com/StyraInc/opa-typescript
features:
  typescript:
    constsAndDefaults: 0.1.5
    core: 3.7.0
    examples: 2.81.3
    flattening: 2.81.1
    globalServerURLs: 2.82.4
    responseFormat: 0.2.2
    unions: 2.85.3
generatedFiles:
  - src/sdk/sdk.ts
  - .eslintrc.js
  - .npmignore
  - RUNTIMES.md
  - package.json
  - src/lib/base64.ts
  - src/lib/config.ts
  - src/lib/encodings.ts
  - src/lib/http.ts
  - src/lib/retries.ts
  - src/lib/schemas.ts
  - src/lib/sdks.ts
  - src/lib/security.ts
  - src/lib/url.ts
  - src/sdk/index.ts
  - src/models/errors/sdkerror.ts
  - src/models/errors/sdkvalidationerror.ts
  - src/types/blobs.ts
  - src/types/index.ts
  - src/types/operations.ts
  - src/types/rfcdate.ts
  - tsconfig.json
  - src/models/operations/executepolicy.ts
  - src/models/operations/executepolicywithinput.ts
  - src/models/operations/health.ts
  - src/models/components/successfulpolicyevaluation.ts
  - src/models/components/provenance.ts
  - src/models/components/result.ts
  - src/models/components/httpmetadata.ts
  - src/models/components/explain.ts
  - src/models/components/gzipacceptencoding.ts
  - src/models/components/input.ts
  - src/models/components/gzipcontentencoding.ts
  - src/models/components/healthyserver.ts
  - src/models/errors/clienterror.ts
  - src/models/errors/servererror.ts
  - src/models/errors/unhealthyserver.ts
  - src/models/errors/index.ts
  - src/models/operations/index.ts
  - src/models/components/index.ts
  - docs/models/operations/executepolicyrequest.md
  - docs/models/operations/executepolicyresponse.md
  - docs/models/operations/executepolicywithinputrequestbody.md
  - docs/models/operations/executepolicywithinputrequest.md
  - docs/models/operations/executepolicywithinputresponse.md
  - docs/models/operations/healthrequest.md
  - docs/models/operations/healthresponse.md
  - docs/models/components/successfulpolicyevaluation.md
  - docs/models/components/revision.md
  - docs/models/components/provenance.md
  - docs/models/components/result.md
  - docs/models/components/httpmetadata.md
  - docs/models/components/explain.md
  - docs/models/components/gzipacceptencoding.md
  - docs/models/components/input.md
  - docs/models/components/gzipcontentencoding.md
  - docs/models/components/healthyserver.md
  - docs/models/errors/location.md
  - docs/models/errors/errors.md
  - docs/models/errors/clienterror.md
  - docs/models/errors/servererrorlocation.md
  - docs/models/errors/servererrorerrors.md
  - docs/models/errors/servererror.md
  - docs/models/errors/unhealthyserver.md
  - docs/sdks/opa/README.md
  - USAGE.md
  - .gitattributes
  - src/hooks/hooks.ts
  - src/hooks/types.ts
  - src/hooks/index.ts
