lockVersion: 2.0.0
id: 2f8b2839-3001-46b4-b5e0-cec0aad583ed
management:
  docChecksum: 04bb432e6968396053d9d2ec5b5ff933
  docVersion: 0.2.0
  speakeasyVersion: 1.318.0
  generationVersion: 2.352.0
  releaseVersion: 1.1.3
  configChecksum: 0fb5e87d7a937b67b9c25494586477f6
  repoURL: https://github.com/StyraInc/opa-typescript.git
  installationURL: https://github.com/StyraInc/opa-typescript
  published: true
features:
  typescript:
    additionalDependencies: 0.1.0
    constsAndDefaults: 0.1.5
    core: 3.10.2
    examples: 2.81.4
    flattening: 2.81.1
    globalSecurityCallbacks: 0.1.0
    globalServerURLs: 2.82.4
    responseFormat: 0.2.3
    sdkHooks: 0.1.0
    unions: 2.85.5
generatedFiles:
  - src/sdk/sdk.ts
  - .eslintrc.cjs
  - RUNTIMES.md
  - jsr.json
  - package.json
  - src/lib/base64.ts
  - src/lib/config.ts
  - src/lib/encodings.ts
  - src/lib/http.ts
  - src/lib/is-plain-object.ts
  - src/lib/primitives.ts
  - src/lib/retries.ts
  - src/lib/schemas.ts
  - src/lib/sdks.ts
  - src/lib/security.ts
  - src/lib/url.ts
  - src/sdk/index.ts
  - src/sdk/models/errors/sdkerror.ts
  - src/sdk/models/errors/sdkvalidationerror.ts
  - src/types/blobs.ts
  - src/types/enums.ts
  - src/types/index.ts
  - src/types/operations.ts
  - src/types/rfcdate.ts
  - tsconfig.json
  - src/sdk/models/operations/executedefaultpolicywithinput.ts
  - src/sdk/models/operations/health.ts
  - src/sdk/models/operations/executebatchpolicywithinput.ts
  - src/sdk/models/operations/executepolicy.ts
  - src/sdk/models/operations/executepolicywithinput.ts
  - src/sdk/models/components/result.ts
  - src/sdk/models/components/httpmetadata.ts
  - src/sdk/models/components/input.ts
  - src/sdk/models/components/gzipacceptencoding.ts
  - src/sdk/models/components/healthyserver.ts
  - src/sdk/models/components/batchmixedresults.ts
  - src/sdk/models/components/provenance.ts
  - src/sdk/models/components/batchsuccessfulpolicyevaluation.ts
  - src/sdk/models/components/successfulpolicyresponse.ts
  - src/sdk/models/components/explain.ts
  - src/sdk/models/components/gzipcontentencoding.ts
  - src/sdk/models/errors/clienterror.ts
  - src/sdk/models/errors/servererror.ts
  - src/sdk/models/errors/unhealthyserver.ts
  - src/sdk/models/errors/batchservererror.ts
  - src/sdk/models/errors/index.ts
  - src/sdk/models/operations/index.ts
  - src/sdk/models/components/index.ts
  - docs/sdk/models/operations/executedefaultpolicywithinputrequest.md
  - docs/sdk/models/operations/executedefaultpolicywithinputresponse.md
  - docs/sdk/models/operations/healthrequest.md
  - docs/sdk/models/operations/healthresponse.md
  - docs/sdk/models/operations/executebatchpolicywithinputrequestbody.md
  - docs/sdk/models/operations/executebatchpolicywithinputrequest.md
  - docs/sdk/models/operations/executebatchpolicywithinputresponse.md
  - docs/sdk/models/operations/executepolicyrequest.md
  - docs/sdk/models/operations/executepolicyresponse.md
  - docs/sdk/models/operations/executepolicywithinputrequestbody.md
  - docs/sdk/models/operations/executepolicywithinputrequest.md
  - docs/sdk/models/operations/executepolicywithinputresponse.md
  - docs/sdk/models/components/result.md
  - docs/sdk/models/components/httpmetadata.md
  - docs/sdk/models/components/input.md
  - docs/sdk/models/components/gzipacceptencoding.md
  - docs/sdk/models/components/healthyserver.md
  - docs/sdk/models/components/location.md
  - docs/sdk/models/components/errors.md
  - docs/sdk/models/components/servererror.md
  - docs/sdk/models/components/responsessuccessfulpolicyresponse.md
  - docs/sdk/models/components/responses.md
  - docs/sdk/models/components/batchmixedresults.md
  - docs/sdk/models/components/revision.md
  - docs/sdk/models/components/provenance.md
  - docs/sdk/models/components/batchsuccessfulpolicyevaluation.md
  - docs/sdk/models/components/successfulpolicyresponse.md
  - docs/sdk/models/components/explain.md
  - docs/sdk/models/components/gzipcontentencoding.md
  - docs/sdk/models/errors/location.md
  - docs/sdk/models/errors/errors.md
  - docs/sdk/models/errors/clienterror.md
  - docs/sdk/models/errors/servererrorlocation.md
  - docs/sdk/models/errors/servererrorerrors.md
  - docs/sdk/models/errors/servererror.md
  - docs/sdk/models/errors/unhealthyserver.md
  - docs/sdk/models/errors/batchservererror.md
  - docs/sdks/opaapiclient/README.md
  - USAGE.md
  - .gitattributes
  - src/hooks/hooks.ts
  - src/hooks/types.ts
  - src/hooks/index.ts
