speakeasyVersion: 1.299.6
sources:
    openapi:
        sourceNamespace: openapi
        sourceRevisionDigest: sha256:6ec91c16a2cb3686bf0f809c3241287085e5c61f9088e9a5baf3ed3e95d48ed0
        sourceBlobDigest: sha256:5fe47030247a3de8f6f5765dcbfea985c64f84652d63a45f8eb9d50f81791cbd
        tags:
            - latest
            - main
targets:
    first-target:
        source: openapi
        sourceNamespace: openapi
        sourceRevisionDigest: sha256:6ec91c16a2cb3686bf0f809c3241287085e5c61f9088e9a5baf3ed3e95d48ed0
        sourceBlobDigest: sha256:5fe47030247a3de8f6f5765dcbfea985c64f84652d63a45f8eb9d50f81791cbd
        outLocation: /github/workspace/repo
workflow:
    workflowVersion: 1.0.0
    speakeasyVersion: latest
    sources:
        openapi:
            inputs:
                - location: https://raw.githubusercontent.com/StyraInc/enterprise-opa/main/openapi/openapi.yaml
            registry:
                location: registry.speakeasyapi.dev/styra/styra/openapi
    targets:
        first-target:
            target: typescript
            source: openapi
            publish:
                npm:
                    token: $npm_token
