speakeasyVersion: 1.299.6
sources:
    openapi:
        sourceNamespace: openapi
        sourceRevisionDigest: sha256:f5374b4c5ef94cab77c17b84c290d21fd04705b4d825454cd04ba37def005332
        sourceBlobDigest: sha256:7a1c38beaa48418c3055e7ebd2cc6efe7546b56cca758ed8c0501f1ad00f3a6b
        tags:
            - latest
            - sr-1.0
targets:
    first-target:
        source: openapi
        sourceNamespace: openapi
        sourceRevisionDigest: sha256:f5374b4c5ef94cab77c17b84c290d21fd04705b4d825454cd04ba37def005332
        sourceBlobDigest: sha256:7a1c38beaa48418c3055e7ebd2cc6efe7546b56cca758ed8c0501f1ad00f3a6b
        outLocation: /github/workspace/repo
workflow:
    workflowVersion: 1.0.0
    speakeasyVersion: latest
    sources:
        openapi:
            inputs:
                - location: https://raw.githubusercontent.com/StyraInc/enterprise-opa/main/openapi/openapi.yaml
            registry:
                location: registry.speakeasyapi.dev/styra/styra/openapi
    targets:
        first-target:
            target: typescript
            source: openapi
            publish:
                npm:
                    token: $npm_token
